
Microsoft Visual Studio Solution File, Format Version 11.00
# Visual Studio 2010
Project("{FAE04EC0-301F-11D3-BF4B-00C04F79EFBC}") = "Prognostication", "Prognostication\Prognostication.csproj", "{578AE69B-DEBD-460F-A422-836AC00BFD77}"
EndProject
Global
	GlobalSection(SolutionConfigurationPlatforms) = preSolution
		Debug|x86 = Debug|x86
		Release|x86 = Release|x86
	EndGlobalSection
	GlobalSection(ProjectConfigurationPlatforms) = postSolution
		{578AE69B-DEBD-460F-A422-836AC00BFD77}.Debug|x86.ActiveCfg = Debug|x86
		{578AE69B-DEBD-460F-A422-836AC00BFD77}.Debug|x86.Build.0 = Debug|x86
		{578AE69B-DEBD-460F-A422-836AC00BFD77}.Release|x86.ActiveCfg = Release|x86
		{578AE69B-DEBD-460F-A422-836AC00BFD77}.Release|x86.Build.0 = Release|x86
	EndGlobalSection
	GlobalSection(SolutionProperties) = preSolution
		HideSolutionNode = FALSE
	EndGlobalSection
EndGlobal
